// !$*UTF8*$!
{
	archiveVersion = 1;
	classes = {
	};
	objectVersion = 48;
	objects = {

/* Begin PBXBuildFile section */
		A812D97912702F2D7DCE0F39 /* Pods_breakpoint.framework in Frameworks */ = {isa = PBXBuildFile; fileRef = DA350F0809411259CBE22382 /* Pods_breakpoint.framework */; };
		CD34773E1FB11539002B9DFF /* FeedCell.swift in Sources */ = {isa = PBXBuildFile; fileRef = CD34773D1FB11539002B9DFF /* FeedCell.swift */; };
		CD3477401FB11643002B9DFF /* Message.swift in Sources */ = {isa = PBXBuildFile; fileRef = CD34773F1FB11643002B9DFF /* Message.swift */; };
		CD3477421FB150F8002B9DFF /* CreateGroupsVC.swift in Sources */ = {isa = PBXBuildFile; fileRef = CD3477411FB150F8002B9DFF /* CreateGroupsVC.swift */; };
		CD3477441FB154AD002B9DFF /* UserCell.swift in Sources */ = {isa = PBXBuildFile; fileRef = CD3477431FB154AD002B9DFF /* UserCell.swift */; };
		CD3477461FB23812002B9DFF /* GroupCell.swift in Sources */ = {isa = PBXBuildFile; fileRef = CD3477451FB23812002B9DFF /* GroupCell.swift */; };
		CD3477481FB23C03002B9DFF /* Group.swift in Sources */ = {isa = PBXBuildFile; fileRef = CD3477471FB23C03002B9DFF /* Group.swift */; };
		CDCA2EAC1FAF85C300D9C52D /* AppDelegate.swift in Sources */ = {isa = PBXBuildFile; fileRef = CDCA2EAB1FAF85C300D9C52D /* AppDelegate.swift */; };
		CDCA2EAE1FAF85C300D9C52D /* FeedVC.swift in Sources */ = {isa = PBXBuildFile; fileRef = CDCA2EAD1FAF85C300D9C52D /* FeedVC.swift */; };
		CDCA2EB01FAF85C300D9C52D /* GroupsVC.swift in Sources */ = {isa = PBXBuildFile; fileRef = CDCA2EAF1FAF85C300D9C52D /* GroupsVC.swift */; };
		CDCA2EB31FAF85C300D9C52D /* Main.storyboard in Resources */ = {isa = PBXBuildFile; fileRef = CDCA2EB11FAF85C300D9C52D /* Main.storyboard */; };
		CDCA2EB51FAF85C300D9C52D /* Assets.xcassets in Resources */ = {isa = PBXBuildFile; fileRef = CDCA2EB41FAF85C300D9C52D /* Assets.xcassets */; };
		CDCA2EB81FAF85C300D9C52D /* LaunchScreen.storyboard in Resources */ = {isa = PBXBuildFile; fileRef = CDCA2EB61FAF85C300D9C52D /* LaunchScreen.storyboard */; };
		CDE78C341FAFAE930093E770 /* GoogleService-Info.plist in Resources */ = {isa = PBXBuildFile; fileRef = CDE78C331FAFAE930093E770 /* GoogleService-Info.plist */; };
		CDE78C361FAFAF950093E770 /* DataService.swift in Sources */ = {isa = PBXBuildFile; fileRef = CDE78C351FAFAF950093E770 /* DataService.swift */; };
		CDE78C381FB022BD0093E770 /* AuthVC.swift in Sources */ = {isa = PBXBuildFile; fileRef = CDE78C371FB022BD0093E770 /* AuthVC.swift */; };
		CDE78C3A1FB022E70093E770 /* LoginVC.swift in Sources */ = {isa = PBXBuildFile; fileRef = CDE78C391FB022E70093E770 /* LoginVC.swift */; };
		CDE78C3C1FB023290093E770 /* InsetTextField.swift in Sources */ = {isa = PBXBuildFile; fileRef = CDE78C3B1FB023290093E770 /* InsetTextField.swift */; };
		CDE78C3E1FB0267F0093E770 /* ShadowView.swift in Sources */ = {isa = PBXBuildFile; fileRef = CDE78C3D1FB0267F0093E770 /* ShadowView.swift */; };
		CDE78C401FB027E40093E770 /* AuthService.swift in Sources */ = {isa = PBXBuildFile; fileRef = CDE78C3F1FB027E40093E770 /* AuthService.swift */; };
		CDE78C421FB043600093E770 /* MeVC.swift in Sources */ = {isa = PBXBuildFile; fileRef = CDE78C411FB043600093E770 /* MeVC.swift */; };
		CDE78C441FB048990093E770 /* CreatePostVC.swift in Sources */ = {isa = PBXBuildFile; fileRef = CDE78C431FB048990093E770 /* CreatePostVC.swift */; };
		CDE78C461FB04C130093E770 /* UIViewExt.swift in Sources */ = {isa = PBXBuildFile; fileRef = CDE78C451FB04C130093E770 /* UIViewExt.swift */; };
		CDF313CD1FB35FD50014AD8E /* UIViewControllerExt.swift in Sources */ = {isa = PBXBuildFile; fileRef = CDF313CC1FB35FD50014AD8E /* UIViewControllerExt.swift */; };
		CDF78F861FB275E900FA3103 /* GroupFeedCell.swift in Sources */ = {isa = PBXBuildFile; fileRef = CDF78F851FB275E900FA3103 /* GroupFeedCell.swift */; };
		CDF78F881FB2764800FA3103 /* GroupFeedVC.swift in Sources */ = {isa = PBXBuildFile; fileRef = CDF78F871FB2764800FA3103 /* GroupFeedVC.swift */; };
/* End PBXBuildFile section */

/* Begin PBXFileReference section */
		19E51A4B789855625651E570 /* Pods-breakpoint.debug.xcconfig */ = {isa = PBXFileReference; includeInIndex = 1; lastKnownFileType = text.xcconfig; name = "Pods-breakpoint.debug.xcconfig"; path = "Pods/Target Support Files/Pods-breakpoint/Pods-breakpoint.debug.xcconfig"; sourceTree = "<group>"; };
		CC9757E0FF41373C246D6E75 /* Pods-breakpoint.release.xcconfig */ = {isa = PBXFileReference; includeInIndex = 1; lastKnownFileType = text.xcconfig; name = "Pods-breakpoint.release.xcconfig"; path = "Pods/Target Support Files/Pods-breakpoint/Pods-breakpoint.release.xcconfig"; sourceTree = "<group>"; };
		CD34773D1FB11539002B9DFF /* FeedCell.swift */ = {isa = PBXFileReference; lastKnownFileType = sourcecode.swift; path = FeedCell.swift; sourceTree = "<group>"; };
		CD34773F1FB11643002B9DFF /* Message.swift */ = {isa = PBXFileReference; lastKnownFileType = sourcecode.swift; path = Message.swift; sourceTree = "<group>"; };
		CD3477411FB150F8002B9DFF /* CreateGroupsVC.swift */ = {isa = PBXFileReference; lastKnownFileType = sourcecode.swift; path = CreateGroupsVC.swift; sourceTree = "<group>"; };
		CD3477431FB154AD002B9DFF /* UserCell.swift */ = {isa = PBXFileReference; lastKnownFileType = sourcecode.swift; path = UserCell.swift; sourceTree = "<group>"; };
		CD3477451FB23812002B9DFF /* GroupCell.swift */ = {isa = PBXFileReference; lastKnownFileType = sourcecode.swift; path = GroupCell.swift; sourceTree = "<group>"; };
		CD3477471FB23C03002B9DFF /* Group.swift */ = {isa = PBXFileReference; lastKnownFileType = sourcecode.swift; path = Group.swift; sourceTree = "<group>"; };
		CDCA2EA81FAF85C300D9C52D /* breakpoint.app */ = {isa = PBXFileReference; explicitFileType = wrapper.application; includeInIndex = 0; path = breakpoint.app; sourceTree = BUILT_PRODUCTS_DIR; };
		CDCA2EAB1FAF85C300D9C52D /* AppDelegate.swift */ = {isa = PBXFileReference; lastKnownFileType = sourcecode.swift; path = AppDelegate.swift; sourceTree = "<group>"; };
		CDCA2EAD1FAF85C300D9C52D /* FeedVC.swift */ = {isa = PBXFileReference; lastKnownFileType = sourcecode.swift; path = FeedVC.swift; sourceTree = "<group>"; };
		CDCA2EAF1FAF85C300D9C52D /* GroupsVC.swift */ = {isa = PBXFileReference; lastKnownFileType = sourcecode.swift; path = GroupsVC.swift; sourceTree = "<group>"; };
		CDCA2EB21FAF85C300D9C52D /* Base */ = {isa = PBXFileReference; lastKnownFileType = file.storyboard; name = Base; path = Base.lproj/Main.storyboard; sourceTree = "<group>"; };
		CDCA2EB41FAF85C300D9C52D /* Assets.xcassets */ = {isa = PBXFileReference; lastKnownFileType = folder.assetcatalog; path = Assets.xcassets; sourceTree = "<group>"; };
		CDCA2EB71FAF85C300D9C52D /* Base */ = {isa = PBXFileReference; lastKnownFileType = file.storyboard; name = Base; path = Base.lproj/LaunchScreen.storyboard; sourceTree = "<group>"; };
		CDCA2EB91FAF85C300D9C52D /* Info.plist */ = {isa = PBXFileReference; lastKnownFileType = text.plist.xml; path = Info.plist; sourceTree = "<group>"; };
		CDE78C331FAFAE930093E770 /* GoogleService-Info.plist */ = {isa = PBXFileReference; fileEncoding = 4; lastKnownFileType = text.plist.xml; path = "GoogleService-Info.plist"; sourceTree = "<group>"; };
		CDE78C351FAFAF950093E770 /* DataService.swift */ = {isa = PBXFileReference; lastKnownFileType = sourcecode.swift; path = DataService.swift; sourceTree = "<group>"; };
		CDE78C371FB022BD0093E770 /* AuthVC.swift */ = {isa = PBXFileReference; lastKnownFileType = sourcecode.swift; path = AuthVC.swift; sourceTree = "<group>"; };
		CDE78C391FB022E70093E770 /* LoginVC.swift */ = {isa = PBXFileReference; lastKnownFileType = sourcecode.swift; path = LoginVC.swift; sourceTree = "<group>"; };
		CDE78C3B1FB023290093E770 /* InsetTextField.swift */ = {isa = PBXFileReference; lastKnownFileType = sourcecode.swift; path = InsetTextField.swift; sourceTree = "<group>"; };
		CDE78C3D1FB0267F0093E770 /* ShadowView.swift */ = {isa = PBXFileReference; lastKnownFileType = sourcecode.swift; path = ShadowView.swift; sourceTree = "<group>"; };
		CDE78C3F1FB027E40093E770 /* AuthService.swift */ = {isa = PBXFileReference; lastKnownFileType = sourcecode.swift; path = AuthService.swift; sourceTree = "<group>"; };
		CDE78C411FB043600093E770 /* MeVC.swift */ = {isa = PBXFileReference; lastKnownFileType = sourcecode.swift; path = MeVC.swift; sourceTree = "<group>"; };
		CDE78C431FB048990093E770 /* CreatePostVC.swift */ = {isa = PBXFileReference; lastKnownFileType = sourcecode.swift; path = CreatePostVC.swift; sourceTree = "<group>"; };
		CDE78C451FB04C130093E770 /* UIViewExt.swift */ = {isa = PBXFileReference; lastKnownFileType = sourcecode.swift; path = UIViewExt.swift; sourceTree = "<group>"; };
		CDF313CC1FB35FD50014AD8E /* UIViewControllerExt.swift */ = {isa = PBXFileReference; lastKnownFileType = sourcecode.swift; path = UIViewControllerExt.swift; sourceTree = "<group>"; };
		CDF78F851FB275E900FA3103 /* GroupFeedCell.swift */ = {isa = PBXFileReference; lastKnownFileType = sourcecode.swift; path = GroupFeedCell.swift; sourceTree = "<group>"; };
		CDF78F871FB2764800FA3103 /* GroupFeedVC.swift */ = {isa = PBXFileReference; lastKnownFileType = sourcecode.swift; path = GroupFeedVC.swift; sourceTree = "<group>"; };
		DA350F0809411259CBE22382 /* Pods_breakpoint.framework */ = {isa = PBXFileReference; explicitFileType = wrapper.framework; includeInIndex = 0; path = Pods_breakpoint.framework; sourceTree = BUILT_PRODUCTS_DIR; };
/* End PBXFileReference section */

/* Begin PBXFrameworksBuildPhase section */
		CDCA2EA51FAF85C300D9C52D /* Frameworks */ = {
			isa = PBXFrameworksBuildPhase;
			buildActionMask = 2147483647;
			files = (
				A812D97912702F2D7DCE0F39 /* Pods_breakpoint.framework in Frameworks */,
			);
			runOnlyForDeploymentPostprocessing = 0;
		};
/* End PBXFrameworksBuildPhase section */

/* Begin PBXGroup section */
		AD5E9C81DF3B8BF03E178A72 /* Pods */ = {
			isa = PBXGroup;
			children = (
				19E51A4B789855625651E570 /* Pods-breakpoint.debug.xcconfig */,
				CC9757E0FF41373C246D6E75 /* Pods-breakpoint.release.xcconfig */,
			);
			name = Pods;
			sourceTree = "<group>";
		};
		CDCA2E9F1FAF85C300D9C52D = {
			isa = PBXGroup;
			children = (
				CDCA2EAA1FAF85C300D9C52D /* breakpoint */,
				CDCA2EA91FAF85C300D9C52D /* Products */,
				AD5E9C81DF3B8BF03E178A72 /* Pods */,
				E4D192AA7D3B0722A160B043 /* Frameworks */,
			);
			sourceTree = "<group>";
		};
		CDCA2EA91FAF85C300D9C52D /* Products */ = {
			isa = PBXGroup;
			children = (
				CDCA2EA81FAF85C300D9C52D /* breakpoint.app */,
			);
			name = Products;
			sourceTree = "<group>";
		};
		CDCA2EAA1FAF85C300D9C52D /* breakpoint */ = {
			isa = PBXGroup;
			children = (
				CDE78C321FAFAD770093E770 /* Services */,
				CDE78C311FAFAD620093E770 /* Extensions */,
				CDE78C301FAFAD590093E770 /* Models */,
				CDE78C2F1FAFAD510093E770 /* Views */,
				CDE78C2E1FAFAD430093E770 /* Controllers */,
				CDCA2EAB1FAF85C300D9C52D /* AppDelegate.swift */,
				CDCA2EB11FAF85C300D9C52D /* Main.storyboard */,
				CDCA2EB41FAF85C300D9C52D /* Assets.xcassets */,
				CDCA2EB61FAF85C300D9C52D /* LaunchScreen.storyboard */,
				CDCA2EB91FAF85C300D9C52D /* Info.plist */,
				CDE78C331FAFAE930093E770 /* GoogleService-Info.plist */,
			);
			path = breakpoint;
			sourceTree = "<group>";
		};
		CDE78C2E1FAFAD430093E770 /* Controllers */ = {
			isa = PBXGroup;
			children = (
				CDCA2EAD1FAF85C300D9C52D /* FeedVC.swift */,
				CDCA2EAF1FAF85C300D9C52D /* GroupsVC.swift */,
				CDE78C371FB022BD0093E770 /* AuthVC.swift */,
				CDE78C391FB022E70093E770 /* LoginVC.swift */,
				CDE78C411FB043600093E770 /* MeVC.swift */,
				CDE78C431FB048990093E770 /* CreatePostVC.swift */,
				CD3477411FB150F8002B9DFF /* CreateGroupsVC.swift */,
				CDF78F871FB2764800FA3103 /* GroupFeedVC.swift */,
			);
			path = Controllers;
			sourceTree = "<group>";
		};
		CDE78C2F1FAFAD510093E770 /* Views */ = {
			isa = PBXGroup;
			children = (
				CDE78C3B1FB023290093E770 /* InsetTextField.swift */,
				CDE78C3D1FB0267F0093E770 /* ShadowView.swift */,
				CD34773D1FB11539002B9DFF /* FeedCell.swift */,
				CD3477431FB154AD002B9DFF /* UserCell.swift */,
				CD3477451FB23812002B9DFF /* GroupCell.swift */,
				CDF78F851FB275E900FA3103 /* GroupFeedCell.swift */,
			);
			path = Views;
			sourceTree = "<group>";
		};
		CDE78C301FAFAD590093E770 /* Models */ = {
			isa = PBXGroup;
			children = (
				CD34773F1FB11643002B9DFF /* Message.swift */,
				CD3477471FB23C03002B9DFF /* Group.swift */,
			);
			path = Models;
			sourceTree = "<group>";
		};
		CDE78C311FAFAD620093E770 /* Extensions */ = {
			isa = PBXGroup;
			children = (
				CDE78C451FB04C130093E770 /* UIViewExt.swift */,
				CDF313CC1FB35FD50014AD8E /* UIViewControllerExt.swift */,
			);
			path = Extensions;
			sourceTree = "<group>";
		};
		CDE78C321FAFAD770093E770 /* Services */ = {
			isa = PBXGroup;
			children = (
				CDE78C351FAFAF950093E770 /* DataService.swift */,
				CDE78C3F1FB027E40093E770 /* AuthService.swift */,
			);
			path = Services;
			sourceTree = "<group>";
		};
		E4D192AA7D3B0722A160B043 /* Frameworks */ = {
			isa = PBXGroup;
			children = (
				DA350F0809411259CBE22382 /* Pods_breakpoint.framework */,
			);
			name = Frameworks;
			sourceTree = "<group>";
		};
/* End PBXGroup section */

/* Begin PBXNativeTarget section */
		CDCA2EA71FAF85C300D9C52D /* breakpoint */ = {
			isa = PBXNativeTarget;
			buildConfigurationList = CDCA2EBC1FAF85C300D9C52D /* Build configuration list for PBXNativeTarget "breakpoint" */;
			buildPhases = (
				0B1BA18AB11BE4435BF27076 /* [CP] Check Pods Manifest.lock */,
				CDCA2EA41FAF85C300D9C52D /* Sources */,
				CDCA2EA51FAF85C300D9C52D /* Frameworks */,
				CDCA2EA61FAF85C300D9C52D /* Resources */,
				DC7769902ED209273F14EA6C /* [CP] Embed Pods Frameworks */,
				108ABE60D9862D893A7CFF77 /* [CP] Copy Pods Resources */,
			);
			buildRules = (
			);
			dependencies = (
			);
			name = breakpoint;
			productName = breakpoint;
			productReference = CDCA2EA81FAF85C300D9C52D /* breakpoint.app */;
			productType = "com.apple.product-type.application";
		};
/* End PBXNativeTarget section */

/* Begin PBXProject section */
		CDCA2EA01FAF85C300D9C52D /* Project object */ = {
			isa = PBXProject;
			attributes = {
				LastSwiftUpdateCheck = 0900;
				LastUpgradeCheck = 0900;
				ORGANIZATIONNAME = "Kenton D. Raiford";
				TargetAttributes = {
					CDCA2EA71FAF85C300D9C52D = {
						CreatedOnToolsVersion = 9.0.1;
						ProvisioningStyle = Automatic;
					};
				};
			};
			buildConfigurationList = CDCA2EA31FAF85C300D9C52D /* Build configuration list for PBXProject "breakpoint" */;
			compatibilityVersion = "Xcode 8.0";
			developmentRegion = en;
			hasScannedForEncodings = 0;
			knownRegions = (
				en,
				Base,
			);
			mainGroup = CDCA2E9F1FAF85C300D9C52D;
			productRefGroup = CDCA2EA91FAF85C300D9C52D /* Products */;
			projectDirPath = "";
			projectRoot = "";
			targets = (
				CDCA2EA71FAF85C300D9C52D /* breakpoint */,
			);
		};
/* End PBXProject section */

/* Begin PBXResourcesBuildPhase section */
		CDCA2EA61FAF85C300D9C52D /* Resources */ = {
			isa = PBXResourcesBuildPhase;
			buildActionMask = 2147483647;
			files = (
				CDCA2EB81FAF85C300D9C52D /* LaunchScreen.storyboard in Resources */,
				CDE78C341FAFAE930093E770 /* GoogleService-Info.plist in Resources */,
				CDCA2EB51FAF85C300D9C52D /* Assets.xcassets in Resources */,
				CDCA2EB31FAF85C300D9C52D /* Main.storyboard in Resources */,
			);
			runOnlyForDeploymentPostprocessing = 0;
		};
/* End PBXResourcesBuildPhase section */

/* Begin PBXShellScriptBuildPhase section */
		0B1BA18AB11BE4435BF27076 /* [CP] Check Pods Manifest.lock */ = {
			isa = PBXShellScriptBuildPhase;
			buildActionMask = 2147483647;
			files = (
			);
			inputPaths = (
			);
			name = "[CP] Check Pods Manifest.lock";
			outputPaths = (
			);
			runOnlyForDeploymentPostprocessing = 0;
			shellPath = /bin/sh;
			shellScript = "diff \"${PODS_PODFILE_DIR_PATH}/Podfile.lock\" \"${PODS_ROOT}/Manifest.lock\" > /dev/null\nif [ $? != 0 ] ; then\n    # print error to STDERR\n    echo \"error: The sandbox is not in sync with the Podfile.lock. Run 'pod install' or update your CocoaPods installation.\" >&2\n    exit 1\nfi\n";
			showEnvVarsInLog = 0;
		};
		108ABE60D9862D893A7CFF77 /* [CP] Copy Pods Resources */ = {
			isa = PBXShellScriptBuildPhase;
			buildActionMask = 2147483647;
			files = (
			);
			inputPaths = (
			);
			name = "[CP] Copy Pods Resources";
			outputPaths = (
			);
			runOnlyForDeploymentPostprocessing = 0;
			shellPath = /bin/sh;
			shellScript = "\"${SRCROOT}/Pods/Target Support Files/Pods-breakpoint/Pods-breakpoint-resources.sh\"\n";
			showEnvVarsInLog = 0;
		};
		DC7769902ED209273F14EA6C /* [CP] Embed Pods Frameworks */ = {
			isa = PBXShellScriptBuildPhase;
			buildActionMask = 2147483647;
			files = (
			);
			inputPaths = (
			);
			name = "[CP] Embed Pods Frameworks";
			outputPaths = (
			);
			runOnlyForDeploymentPostprocessing = 0;
			shellPath = /bin/sh;
			shellScript = "\"${SRCROOT}/Pods/Target Support Files/Pods-breakpoint/Pods-breakpoint-frameworks.sh\"\n";
			showEnvVarsInLog = 0;
		};
/* End PBXShellScriptBuildPhase section */

/* Begin PBXSourcesBuildPhase section */
		CDCA2EA41FAF85C300D9C52D /* Sources */ = {
			isa = PBXSourcesBuildPhase;
			buildActionMask = 2147483647;
			files = (
				CDE78C461FB04C130093E770 /* UIViewExt.swift in Sources */,
				CD34773E1FB11539002B9DFF /* FeedCell.swift in Sources */,
				CDE78C421FB043600093E770 /* MeVC.swift in Sources */,
				CD3477461FB23812002B9DFF /* GroupCell.swift in Sources */,
				CDE78C381FB022BD0093E770 /* AuthVC.swift in Sources */,
				CDF313CD1FB35FD50014AD8E /* UIViewControllerExt.swift in Sources */,
				CDCA2EB01FAF85C300D9C52D /* GroupsVC.swift in Sources */,
				CDF78F881FB2764800FA3103 /* GroupFeedVC.swift in Sources */,
				CDF78F861FB275E900FA3103 /* GroupFeedCell.swift in Sources */,
				CDE78C3A1FB022E70093E770 /* LoginVC.swift in Sources */,
				CDE78C401FB027E40093E770 /* AuthService.swift in Sources */,
				CD3477421FB150F8002B9DFF /* CreateGroupsVC.swift in Sources */,
				CD3477481FB23C03002B9DFF /* Group.swift in Sources */,
				CD3477441FB154AD002B9DFF /* UserCell.swift in Sources */,
				CDCA2EAC1FAF85C300D9C52D /* AppDelegate.swift in Sources */,
				CDE78C3E1FB0267F0093E770 /* ShadowView.swift in Sources */,
				CDE78C441FB048990093E770 /* CreatePostVC.swift in Sources */,
				CDCA2EAE1FAF85C300D9C52D /* FeedVC.swift in Sources */,
				CDE78C3C1FB023290093E770 /* InsetTextField.swift in Sources */,
				CDE78C361FAFAF950093E770 /* DataService.swift in Sources */,
				CD3477401FB11643002B9DFF /* Message.swift in Sources */,
			);
			runOnlyForDeploymentPostprocessing = 0;
		};
/* End PBXSourcesBuildPhase section */

/* Begin PBXVariantGroup section */
		CDCA2EB11FAF85C300D9C52D /* Main.storyboard */ = {
			isa = PBXVariantGroup;
			children = (
				CDCA2EB21FAF85C300D9C52D /* Base */,
			);
			name = Main.storyboard;
			sourceTree = "<group>";
		};
		CDCA2EB61FAF85C300D9C52D /* LaunchScreen.storyboard */ = {
			isa = PBXVariantGroup;
			children = (
				CDCA2EB71FAF85C300D9C52D /* Base */,
			);
			name = LaunchScreen.storyboard;
			sourceTree = "<group>";
		};
/* End PBXVariantGroup section */

/* Begin XCBuildConfiguration section */
		CDCA2EBA1FAF85C300D9C52D /* Debug */ = {
			isa = XCBuildConfiguration;
			buildSettings = {
				ALWAYS_SEARCH_USER_PATHS = NO;
				CLANG_ANALYZER_NONNULL = YES;
				CLANG_ANALYZER_NUMBER_OBJECT_CONVERSION = YES_AGGRESSIVE;
				CLANG_CXX_LANGUAGE_STANDARD = "gnu++14";
				CLANG_CXX_LIBRARY = "libc++";
				CLANG_ENABLE_MODULES = YES;
				CLANG_ENABLE_OBJC_ARC = YES;
				CLANG_WARN_BLOCK_CAPTURE_AUTORELEASING = YES;
				CLANG_WARN_BOOL_CONVERSION = YES;
				CLANG_WARN_COMMA = YES;
				CLANG_WARN_CONSTANT_CONVERSION = YES;
				CLANG_WARN_DIRECT_OBJC_ISA_USAGE = YES_ERROR;
				CLANG_WARN_DOCUMENTATION_COMMENTS = YES;
				CLANG_WARN_EMPTY_BODY = YES;
				CLANG_WARN_ENUM_CONVERSION = YES;
				CLANG_WARN_INFINITE_RECURSION = YES;
				CLANG_WARN_INT_CONVERSION = YES;
				CLANG_WARN_NON_LITERAL_NULL_CONVERSION = YES;
				CLANG_WARN_OBJC_LITERAL_CONVERSION = YES;
				CLANG_WARN_OBJC_ROOT_CLASS = YES_ERROR;
				CLANG_WARN_RANGE_LOOP_ANALYSIS = YES;
				CLANG_WARN_STRICT_PROTOTYPES = YES;
				CLANG_WARN_SUSPICIOUS_MOVE = YES;
				CLANG_WARN_UNGUARDED_AVAILABILITY = YES_AGGRESSIVE;
				CLANG_WARN_UNREACHABLE_CODE = YES;
				CLANG_WARN__DUPLICATE_METHOD_MATCH = YES;
				CODE_SIGN_IDENTITY = "iPhone Developer";
				COPY_PHASE_STRIP = NO;
				DEBUG_INFORMATION_FORMAT = dwarf;
				ENABLE_STRICT_OBJC_MSGSEND = YES;
				ENABLE_TESTABILITY = YES;
				GCC_C_LANGUAGE_STANDARD = gnu11;
				GCC_DYNAMIC_NO_PIC = NO;
				GCC_NO_COMMON_BLOCKS = YES;
				GCC_OPTIMIZATION_LEVEL = 0;
				GCC_PREPROCESSOR_DEFINITIONS = (
					"DEBUG=1",
					"$(inherited)",
				);
				GCC_WARN_64_TO_32_BIT_CONVERSION = YES;
				GCC_WARN_ABOUT_RETURN_TYPE = YES_ERROR;
				GCC_WARN_UNDECLARED_SELECTOR = YES;
				GCC_WARN_UNINITIALIZED_AUTOS = YES_AGGRESSIVE;
				GCC_WARN_UNUSED_FUNCTION = YES;
				GCC_WARN_UNUSED_VARIABLE = YES;
				IPHONEOS_DEPLOYMENT_TARGET = 11.0;
				MTL_ENABLE_DEBUG_INFO = YES;
				ONLY_ACTIVE_ARCH = YES;
				SDKROOT = iphoneos;
				SWIFT_ACTIVE_COMPILATION_CONDITIONS = DEBUG;
				SWIFT_OPTIMIZATION_LEVEL = "-Onone";
			};
			name = Debug;
		};
		CDCA2EBB1FAF85C300D9C52D /* Release */ = {
			isa = XCBuildConfiguration;
			buildSettings = {
				ALWAYS_SEARCH_USER_PATHS = NO;
				CLANG_ANALYZER_NONNULL = YES;
				CLANG_ANALYZER_NUMBER_OBJECT_CONVERSION = YES_AGGRESSIVE;
				CLANG_CXX_LANGUAGE_STANDARD = "gnu++14";
				CLANG_CXX_LIBRARY = "libc++";
				CLANG_ENABLE_MODULES = YES;
				CLANG_ENABLE_OBJC_ARC = YES;
				CLANG_WARN_BLOCK_CAPTURE_AUTORELEASING = YES;
				CLANG_WARN_BOOL_CONVERSION = YES;
				CLANG_WARN_COMMA = YES;
				CLANG_WARN_CONSTANT_CONVERSION = YES;
				CLANG_WARN_DIRECT_OBJC_ISA_USAGE = YES_ERROR;
				CLANG_WARN_DOCUMENTATION_COMMENTS = YES;
				CLANG_WARN_EMPTY_BODY = YES;
				CLANG_WARN_ENUM_CONVERSION = YES;
				CLANG_WARN_INFINITE_RECURSION = YES;
				CLANG_WARN_INT_CONVERSION = YES;
				CLANG_WARN_NON_LITERAL_NULL_CONVERSION = YES;
				CLANG_WARN_OBJC_LITERAL_CONVERSION = YES;
				CLANG_WARN_OBJC_ROOT_CLASS = YES_ERROR;
				CLANG_WARN_RANGE_LOOP_ANALYSIS = YES;
				CLANG_WARN_STRICT_PROTOTYPES = YES;
				CLANG_WARN_SUSPICIOUS_MOVE = YES;
				CLANG_WARN_UNGUARDED_AVAILABILITY = YES_AGGRESSIVE;
				CLANG_WARN_UNREACHABLE_CODE = YES;
				CLANG_WARN__DUPLICATE_METHOD_MATCH = YES;
				CODE_SIGN_IDENTITY = "iPhone Developer";
				COPY_PHASE_STRIP = NO;
				DEBUG_INFORMATION_FORMAT = "dwarf-with-dsym";
				ENABLE_NS_ASSERTIONS = NO;
				ENABLE_STRICT_OBJC_MSGSEND = YES;
				GCC_C_LANGUAGE_STANDARD = gnu11;
				GCC_NO_COMMON_BLOCKS = YES;
				GCC_WARN_64_TO_32_BIT_CONVERSION = YES;
				GCC_WARN_ABOUT_RETURN_TYPE = YES_ERROR;
				GCC_WARN_UNDECLARED_SELECTOR = YES;
				GCC_WARN_UNINITIALIZED_AUTOS = YES_AGGRESSIVE;
				GCC_WARN_UNUSED_FUNCTION = YES;
				GCC_WARN_UNUSED_VARIABLE = YES;
				IPHONEOS_DEPLOYMENT_TARGET = 11.0;
				MTL_ENABLE_DEBUG_INFO = NO;
				SDKROOT = iphoneos;
				SWIFT_OPTIMIZATION_LEVEL = "-Owholemodule";
				VALIDATE_PRODUCT = YES;
			};
			name = Release;
		};
		CDCA2EBD1FAF85C300D9C52D /* Debug */ = {
			isa = XCBuildConfiguration;
			baseConfigurationReference = 19E51A4B789855625651E570 /* Pods-breakpoint.debug.xcconfig */;
			buildSettings = {
				ASSETCATALOG_COMPILER_APPICON_NAME = AppIcon;
				CODE_SIGN_STYLE = Automatic;
				DEVELOPMENT_TEAM = 73TVPW27J7;
				INFOPLIST_FILE = breakpoint/Info.plist;
				LD_RUNPATH_SEARCH_PATHS = "$(inherited) @executable_path/Frameworks";
				PRODUCT_BUNDLE_IDENTIFIER = com.KentonDRaiford.breakpoint;
				PRODUCT_NAME = "$(TARGET_NAME)";
				SWIFT_VERSION = 4.0;
				TARGETED_DEVICE_FAMILY = "1,2";
			};
			name = Debug;
		};
		CDCA2EBE1FAF85C300D9C52D /* Release */ = {
			isa = XCBuildConfiguration;
			baseConfigurationReference = CC9757E0FF41373C246D6E75 /* Pods-breakpoint.release.xcconfig */;
			buildSettings = {
				ASSETCATALOG_COMPILER_APPICON_NAME = AppIcon;
				CODE_SIGN_STYLE = Automatic;
				DEVELOPMENT_TEAM = 73TVPW27J7;
				INFOPLIST_FILE = breakpoint/Info.plist;
				LD_RUNPATH_SEARCH_PATHS = "$(inherited) @executable_path/Frameworks";
				PRODUCT_BUNDLE_IDENTIFIER = com.KentonDRaiford.breakpoint;
				PRODUCT_NAME = "$(TARGET_NAME)";
				SWIFT_VERSION = 4.0;
				TARGETED_DEVICE_FAMILY = "1,2";
			};
			name = Release;
		};
/* End XCBuildConfiguration section */

/* Begin XCConfigurationList section */
		CDCA2EA31FAF85C300D9C52D /* Build configuration list for PBXProject "breakpoint" */ = {
			isa = XCConfigurationList;
			buildConfigurations = (
				CDCA2EBA1FAF85C300D9C52D /* Debug */,
				CDCA2EBB1FAF85C300D9C52D /* Release */,
			);
			defaultConfigurationIsVisible = 0;
			defaultConfigurationName = Release;
		};
		CDCA2EBC1FAF85C300D9C52D /* Build configuration list for PBXNativeTarget "breakpoint" */ = {
			isa = XCConfigurationList;
			buildConfigurations = (
				CDCA2EBD1FAF85C300D9C52D /* Debug */,
				CDCA2EBE1FAF85C300D9C52D /* Release */,
			);
			defaultConfigurationIsVisible = 0;
			defaultConfigurationName = Release;
		};
/* End XCConfigurationList section */
	};
	rootObject = CDCA2EA01FAF85C300D9C52D /* Project object */;
}
